
Microsoft Visual Studio Solution File, Format Version 12.00
# Visual Studio Version 17
VisualStudioVersion = 17.7.34221.43
MinimumVisualStudioVersion = 10.0.40219.1
Project("{9A19103F-16F7-4668-BE54-9A1E7A4F7556}") = "WebCamYolo", "WebCamYolo.csproj", "{6672D0CC-677F-4061-B1C1-90F2D62A7335}"
EndProject
Global
	GlobalSection(SolutionConfigurationPlatforms) = preSolution
		Debug|Any CPU = Debug|Any CPU
		Release|Any CPU = Release|Any CPU
	EndGlobalSection
	GlobalSection(ProjectConfigurationPlatforms) = postSolution
		{6672D0CC-677F-4061-B1C1-90F2D62A7335}.Debug|Any CPU.ActiveCfg = Debug|Any CPU
		{6672D0CC-677F-4061-B1C1-90F2D62A7335}.Debug|Any CPU.Build.0 = Debug|Any CPU
		{6672D0CC-677F-4061-B1C1-90F2D62A7335}.Release|Any CPU.ActiveCfg = Release|Any CPU
		{6672D0CC-677F-4061-B1C1-90F2D62A7335}.Release|Any CPU.Build.0 = Release|Any CPU
	EndGlobalSection
	GlobalSection(SolutionProperties) = preSolution
		HideSolutionNode = FALSE
	EndGlobalSection
	GlobalSection(ExtensibilityGlobals) = postSolution
		SolutionGuid = {69FD44B9-DD13-4F1A-9934-9BEA8C4888FD}
	EndGlobalSection
EndGlobal
